
Microsoft Visual Studio Solution File, Format Version 12.00
# Visual Studio Version 16
VisualStudioVersion = 16.0.31911.196
MinimumVisualStudioVersion = 10.0.40219.1
Project("{FAE04EC0-301F-11D3-BF4B-00C04F79EFBC}") = "Lab14-Homework", "Lab14-Homework\Lab14-Homework.csproj", "{D94D1D3C-EE3A-4B4A-81E9-921D8AA604A3}"
EndProject
Global
	GlobalSection(SolutionConfigurationPlatforms) = preSolution
		Debug|Any CPU = Debug|Any CPU
		Release|Any CPU = Release|Any CPU
	EndGlobalSection
	GlobalSection(ProjectConfigurationPlatforms) = postSolution
		{D94D1D3C-EE3A-4B4A-81E9-921D8AA604A3}.Debug|Any CPU.ActiveCfg = Debug|Any CPU
		{D94D1D3C-EE3A-4B4A-81E9-921D8AA604A3}.Debug|Any CPU.Build.0 = Debug|Any CPU
		{D94D1D3C-EE3A-4B4A-81E9-921D8AA604A3}.Release|Any CPU.ActiveCfg = Release|Any CPU
		{D94D1D3C-EE3A-4B4A-81E9-921D8AA604A3}.Release|Any CPU.Build.0 = Release|Any CPU
	EndGlobalSection
	GlobalSection(SolutionProperties) = preSolution
		HideSolutionNode = FALSE
	EndGlobalSection
	GlobalSection(ExtensibilityGlobals) = postSolution
		SolutionGuid = {378ADC8A-1E87-49C7-9DAD-0C06BC825E0E}
	EndGlobalSection
EndGlobal
